
Microsoft Visual Studio Solution File, Format Version 12.00
# Visual Studio Version 17
VisualStudioVersion = 17.7.34031.279
MinimumVisualStudioVersion = 10.0.40219.1
Project("{FAE04EC0-301F-11D3-BF4B-00C04F79EFBC}") = "ExerciseSeleniumWebDriverPOM", "ExerciseSeleniumWebDriverPOM\ExerciseSeleniumWebDriverPOM.csproj", "{9DDC5224-2996-4C0F-9E90-DB2D312B2D7B}"
EndProject
Global
	GlobalSection(SolutionConfigurationPlatforms) = preSolution
		Debug|Any CPU = Debug|Any CPU
		Release|Any CPU = Release|Any CPU
	EndGlobalSection
	GlobalSection(ProjectConfigurationPlatforms) = postSolution
		{9DDC5224-2996-4C0F-9E90-DB2D312B2D7B}.Debug|Any CPU.ActiveCfg = Debug|Any CPU
		{9DDC5224-2996-4C0F-9E90-DB2D312B2D7B}.Debug|Any CPU.Build.0 = Debug|Any CPU
		{9DDC5224-2996-4C0F-9E90-DB2D312B2D7B}.Release|Any CPU.ActiveCfg = Release|Any CPU
		{9DDC5224-2996-4C0F-9E90-DB2D312B2D7B}.Release|Any CPU.Build.0 = Release|Any CPU
	EndGlobalSection
	GlobalSection(SolutionProperties) = preSolution
		HideSolutionNode = FALSE
	EndGlobalSection
	GlobalSection(ExtensibilityGlobals) = postSolution
		SolutionGuid = {0CB1C025-0FA7-43B9-8724-0819724A92B3}
	EndGlobalSection
EndGlobal
