
Microsoft Visual Studio Solution File, Format Version 12.00
# Visual Studio Version 17
VisualStudioVersion = 17.7.34031.279
MinimumVisualStudioVersion = 10.0.40219.1
Project("{9A19103F-16F7-4668-BE54-9A1E7A4F7556}") = "01.WebDriverWikiTest", "WebDriverWikiTest\01.WebDriverWikiTest.csproj", "{AC42DE9C-8765-445F-8E61-3E46CCBC3296}"
EndProject
Project("{9A19103F-16F7-4668-BE54-9A1E7A4F7556}") = "02.FirstTest", "FirstTest\02.FirstTest.csproj", "{CBFBB365-E771-44EA-8977-99B7A9AC6580}"
EndProject
Project("{9A19103F-16F7-4668-BE54-9A1E7A4F7556}") = "03.LocatorsPractice", "LocatorsPractice\03.LocatorsPractice.csproj", "{77277FEA-CE45-4E2D-8DC5-7555FD230C1F}"
EndProject
Project("{FAE04EC0-301F-11D3-BF4B-00C04F79EFBC}") = "4.PracticeLocatorsExtended", "4.PracticeLocatorsExtended\4.PracticeLocatorsExtended.csproj", "{7E41D952-A76C-4387-A56E-E1CD7D974E97}"
EndProject
Project("{FAE04EC0-301F-11D3-BF4B-00C04F79EFBC}") = "5.TestFormSubmission", "5.TestFormSubmission\5.TestFormSubmission.csproj", "{0AB4B7B3-E114-4344-86B1-63B6B894201E}"
EndProject
Global
	GlobalSection(SolutionConfigurationPlatforms) = preSolution
		Debug|Any CPU = Debug|Any CPU
		Release|Any CPU = Release|Any CPU
	EndGlobalSection
	GlobalSection(ProjectConfigurationPlatforms) = postSolution
		{AC42DE9C-8765-445F-8E61-3E46CCBC3296}.Debug|Any CPU.ActiveCfg = Debug|Any CPU
		{AC42DE9C-8765-445F-8E61-3E46CCBC3296}.Debug|Any CPU.Build.0 = Debug|Any CPU
		{AC42DE9C-8765-445F-8E61-3E46CCBC3296}.Release|Any CPU.ActiveCfg = Release|Any CPU
		{AC42DE9C-8765-445F-8E61-3E46CCBC3296}.Release|Any CPU.Build.0 = Release|Any CPU
		{CBFBB365-E771-44EA-8977-99B7A9AC6580}.Debug|Any CPU.ActiveCfg = Debug|Any CPU
		{CBFBB365-E771-44EA-8977-99B7A9AC6580}.Debug|Any CPU.Build.0 = Debug|Any CPU
		{CBFBB365-E771-44EA-8977-99B7A9AC6580}.Release|Any CPU.ActiveCfg = Release|Any CPU
		{CBFBB365-E771-44EA-8977-99B7A9AC6580}.Release|Any CPU.Build.0 = Release|Any CPU
		{77277FEA-CE45-4E2D-8DC5-7555FD230C1F}.Debug|Any CPU.ActiveCfg = Debug|Any CPU
		{77277FEA-CE45-4E2D-8DC5-7555FD230C1F}.Debug|Any CPU.Build.0 = Debug|Any CPU
		{77277FEA-CE45-4E2D-8DC5-7555FD230C1F}.Release|Any CPU.ActiveCfg = Release|Any CPU
		{77277FEA-CE45-4E2D-8DC5-7555FD230C1F}.Release|Any CPU.Build.0 = Release|Any CPU
		{7E41D952-A76C-4387-A56E-E1CD7D974E97}.Debug|Any CPU.ActiveCfg = Debug|Any CPU
		{7E41D952-A76C-4387-A56E-E1CD7D974E97}.Debug|Any CPU.Build.0 = Debug|Any CPU
		{7E41D952-A76C-4387-A56E-E1CD7D974E97}.Release|Any CPU.ActiveCfg = Release|Any CPU
		{7E41D952-A76C-4387-A56E-E1CD7D974E97}.Release|Any CPU.Build.0 = Release|Any CPU
		{0AB4B7B3-E114-4344-86B1-63B6B894201E}.Debug|Any CPU.ActiveCfg = Debug|Any CPU
		{0AB4B7B3-E114-4344-86B1-63B6B894201E}.Debug|Any CPU.Build.0 = Debug|Any CPU
		{0AB4B7B3-E114-4344-86B1-63B6B894201E}.Release|Any CPU.ActiveCfg = Release|Any CPU
		{0AB4B7B3-E114-4344-86B1-63B6B894201E}.Release|Any CPU.Build.0 = Release|Any CPU
	EndGlobalSection
	GlobalSection(SolutionProperties) = preSolution
		HideSolutionNode = FALSE
	EndGlobalSection
	GlobalSection(ExtensibilityGlobals) = postSolution
		SolutionGuid = {CBB3D5F9-5770-491F-B428-9555E644FCC5}
	EndGlobalSection
EndGlobal
